// !$*UTF8*$!
{
	archiveVersion = 1;
	classes = {
	};
	objectVersion = 46;
	objects = {

/* Begin PBXBuildFile section */
		ACE7CC951A38D4470004DB4C /* VoodooRMI4Device.h in Headers */ = {isa = PBXBuildFile; fileRef = ACE7CC941A38D4470004DB4C /* VoodooRMI4Device.h */; };
		ACE7CC971A38D4470004DB4C /* VoodooRMI4Device.cpp in Sources */ = {isa = PBXBuildFile; fileRef = ACE7CC961A38D4470004DB4C /* VoodooRMI4Device.cpp */; };
/* End PBXBuildFile section */

/* Begin PBXFileReference section */
		ACE7CC8F1A38D4470004DB4C /* VoodooRMI4Device.kext */ = {isa = PBXFileReference; explicitFileType = wrapper.cfbundle; includeInIndex = 0; path = VoodooRMI4Device.kext; sourceTree = BUILT_PRODUCTS_DIR; };
		ACE7CC931A38D4470004DB4C /* Info.plist */ = {isa = PBXFileReference; lastKnownFileType = text.plist.xml; path = Info.plist; sourceTree = "<group>"; };
		ACE7CC941A38D4470004DB4C /* VoodooRMI4Device.h */ = {isa = PBXFileReference; lastKnownFileType = sourcecode.c.h; path = VoodooRMI4Device.h; sourceTree = "<group>"; };
		ACE7CC961A38D4470004DB4C /* VoodooRMI4Device.cpp */ = {isa = PBXFileReference; lastKnownFileType = sourcecode.cpp.cpp; path = VoodooRMI4Device.cpp; sourceTree = "<group>"; };
/* End PBXFileReference section */

/* Begin PBXFrameworksBuildPhase section */
		ACE7CC8B1A38D4470004DB4C /* Frameworks */ = {
			isa = PBXFrameworksBuildPhase;
			buildActionMask = 2147483647;
			files = (
			);
			runOnlyForDeploymentPostprocessing = 0;
		};
/* End PBXFrameworksBuildPhase section */

/* Begin PBXGroup section */
		ACE7CC851A38D4460004DB4C = {
			isa = PBXGroup;
			children = (
				ACE7CC911A38D4470004DB4C /* VoodooRMI4Device */,
				ACE7CC901A38D4470004DB4C /* Products */,
			);
			sourceTree = "<group>";
		};
		ACE7CC901A38D4470004DB4C /* Products */ = {
			isa = PBXGroup;
			children = (
				ACE7CC8F1A38D4470004DB4C /* VoodooRMI4Device.kext */,
			);
			name = Products;
			sourceTree = "<group>";
		};
		ACE7CC911A38D4470004DB4C /* VoodooRMI4Device */ = {
			isa = PBXGroup;
			children = (
				ACE7CC941A38D4470004DB4C /* VoodooRMI4Device.h */,
				ACE7CC961A38D4470004DB4C /* VoodooRMI4Device.cpp */,
				ACE7CC921A38D4470004DB4C /* Supporting Files */,
			);
			path = VoodooRMI4Device;
			sourceTree = "<group>";
		};
		ACE7CC921A38D4470004DB4C /* Supporting Files */ = {
			isa = PBXGroup;
			children = (
				ACE7CC931A38D4470004DB4C /* Info.plist */,
			);
			name = "Supporting Files";
			sourceTree = "<group>";
		};
/* End PBXGroup section */

/* Begin PBXHeadersBuildPhase section */
		ACE7CC8C1A38D4470004DB4C /* Headers */ = {
			isa = PBXHeadersBuildPhase;
			buildActionMask = 2147483647;
			files = (
				ACE7CC951A38D4470004DB4C /* VoodooRMI4Device.h in Headers */,
			);
			runOnlyForDeploymentPostprocessing = 0;
		};
/* End PBXHeadersBuildPhase section */

/* Begin PBXNativeTarget section */
		ACE7CC8E1A38D4470004DB4C /* VoodooRMI4Device */ = {
			isa = PBXNativeTarget;
			buildConfigurationList = ACE7CC9A1A38D4470004DB4C /* Build configuration list for PBXNativeTarget "VoodooRMI4Device" */;
			buildPhases = (
				ACE7CC8A1A38D4470004DB4C /* Sources */,
				ACE7CC8B1A38D4470004DB4C /* Frameworks */,
				ACE7CC8C1A38D4470004DB4C /* Headers */,
				ACE7CC8D1A38D4470004DB4C /* Resources */,
			);
			buildRules = (
			);
			dependencies = (
			);
			name = VoodooRMI4Device;
			productName = VoodooRMI4Device;
			productReference = ACE7CC8F1A38D4470004DB4C /* VoodooRMI4Device.kext */;
			productType = "com.apple.product-type.kernel-extension";
		};
/* End PBXNativeTarget section */

/* Begin PBXProject section */
		ACE7CC861A38D4460004DB4C /* Project object */ = {
			isa = PBXProject;
			attributes = {
				LastUpgradeCheck = 0620;
				ORGANIZATIONNAME = "Alexandre Daoud";
				TargetAttributes = {
					ACE7CC8E1A38D4470004DB4C = {
						CreatedOnToolsVersion = 6.2;
					};
				};
			};
			buildConfigurationList = ACE7CC891A38D4460004DB4C /* Build configuration list for PBXProject "VoodooRMI4Device" */;
			compatibilityVersion = "Xcode 3.2";
			developmentRegion = English;
			hasScannedForEncodings = 0;
			knownRegions = (
				en,
			);
			mainGroup = ACE7CC851A38D4460004DB4C;
			productRefGroup = ACE7CC901A38D4470004DB4C /* Products */;
			projectDirPath = "";
			projectRoot = "";
			targets = (
				ACE7CC8E1A38D4470004DB4C /* VoodooRMI4Device */,
			);
		};
/* End PBXProject section */

/* Begin PBXResourcesBuildPhase section */
		ACE7CC8D1A38D4470004DB4C /* Resources */ = {
			isa = PBXResourcesBuildPhase;
			buildActionMask = 2147483647;
			files = (
			);
			runOnlyForDeploymentPostprocessing = 0;
		};
/* End PBXResourcesBuildPhase section */

/* Begin PBXSourcesBuildPhase section */
		ACE7CC8A1A38D4470004DB4C /* Sources */ = {
			isa = PBXSourcesBuildPhase;
			buildActionMask = 2147483647;
			files = (
				ACE7CC971A38D4470004DB4C /* VoodooRMI4Device.cpp in Sources */,
			);
			runOnlyForDeploymentPostprocessing = 0;
		};
/* End PBXSourcesBuildPhase section */

/* Begin XCBuildConfiguration section */
		ACE7CC981A38D4470004DB4C /* Debug */ = {
			isa = XCBuildConfiguration;
			buildSettings = {
				ALWAYS_SEARCH_USER_PATHS = NO;
				CLANG_CXX_LANGUAGE_STANDARD = "gnu++0x";
				CLANG_CXX_LIBRARY = "libc++";
				CLANG_ENABLE_MODULES = YES;
				CLANG_ENABLE_OBJC_ARC = YES;
				CLANG_WARN_BOOL_CONVERSION = YES;
				CLANG_WARN_CONSTANT_CONVERSION = YES;
				CLANG_WARN_DIRECT_OBJC_ISA_USAGE = YES_ERROR;
				CLANG_WARN_EMPTY_BODY = YES;
				CLANG_WARN_ENUM_CONVERSION = YES;
				CLANG_WARN_INT_CONVERSION = YES;
				CLANG_WARN_OBJC_ROOT_CLASS = YES_ERROR;
				CLANG_WARN_UNREACHABLE_CODE = YES;
				CLANG_WARN__DUPLICATE_METHOD_MATCH = YES;
				COPY_PHASE_STRIP = NO;
				ENABLE_STRICT_OBJC_MSGSEND = YES;
				GCC_C_LANGUAGE_STANDARD = gnu99;
				GCC_DYNAMIC_NO_PIC = NO;
				GCC_OPTIMIZATION_LEVEL = 0;
				GCC_PREPROCESSOR_DEFINITIONS = (
					"DEBUG=1",
					"$(inherited)",
				);
				GCC_SYMBOLS_PRIVATE_EXTERN = NO;
				GCC_WARN_64_TO_32_BIT_CONVERSION = YES;
				GCC_WARN_ABOUT_RETURN_TYPE = YES_ERROR;
				GCC_WARN_UNDECLARED_SELECTOR = YES;
				GCC_WARN_UNINITIALIZED_AUTOS = YES_AGGRESSIVE;
				GCC_WARN_UNUSED_FUNCTION = YES;
				GCC_WARN_UNUSED_VARIABLE = YES;
				MACOSX_DEPLOYMENT_TARGET = 10.10;
				MTL_ENABLE_DEBUG_INFO = YES;
				ONLY_ACTIVE_ARCH = YES;
				SDKROOT = macosx;
			};
			name = Debug;
		};
		ACE7CC991A38D4470004DB4C /* Release */ = {
			isa = XCBuildConfiguration;
			buildSettings = {
				ALWAYS_SEARCH_USER_PATHS = NO;
				CLANG_CXX_LANGUAGE_STANDARD = "gnu++0x";
				CLANG_CXX_LIBRARY = "libc++";
				CLANG_ENABLE_MODULES = YES;
				CLANG_ENABLE_OBJC_ARC = YES;
				CLANG_WARN_BOOL_CONVERSION = YES;
				CLANG_WARN_CONSTANT_CONVERSION = YES;
				CLANG_WARN_DIRECT_OBJC_ISA_USAGE = YES_ERROR;
				CLANG_WARN_EMPTY_BODY = YES;
				CLANG_WARN_ENUM_CONVERSION = YES;
				CLANG_WARN_INT_CONVERSION = YES;
				CLANG_WARN_OBJC_ROOT_CLASS = YES_ERROR;
				CLANG_WARN_UNREACHABLE_CODE = YES;
				CLANG_WARN__DUPLICATE_METHOD_MATCH = YES;
				COPY_PHASE_STRIP = YES;
				DEBUG_INFORMATION_FORMAT = "dwarf-with-dsym";
				ENABLE_NS_ASSERTIONS = NO;
				ENABLE_STRICT_OBJC_MSGSEND = YES;
				GCC_C_LANGUAGE_STANDARD = gnu99;
				GCC_WARN_64_TO_32_BIT_CONVERSION = YES;
				GCC_WARN_ABOUT_RETURN_TYPE = YES_ERROR;
				GCC_WARN_UNDECLARED_SELECTOR = YES;
				GCC_WARN_UNINITIALIZED_AUTOS = YES_AGGRESSIVE;
				GCC_WARN_UNUSED_FUNCTION = YES;
				GCC_WARN_UNUSED_VARIABLE = YES;
				MACOSX_DEPLOYMENT_TARGET = 10.10;
				MTL_ENABLE_DEBUG_INFO = NO;
				SDKROOT = macosx;
			};
			name = Release;
		};
		ACE7CC9B1A38D4470004DB4C /* Debug */ = {
			isa = XCBuildConfiguration;
			buildSettings = {
				COMBINE_HIDPI_IMAGES = YES;
				CURRENT_PROJECT_VERSION = 1.0.0d1;
				INFOPLIST_FILE = VoodooRMI4Device/Info.plist;
				MODULE_NAME = com.alexandred.VoodooRMI4Device;
				MODULE_VERSION = 1.0.0d1;
				PRODUCT_NAME = "$(TARGET_NAME)";
				WRAPPER_EXTENSION = kext;
			};
			name = Debug;
		};
		ACE7CC9C1A38D4470004DB4C /* Release */ = {
			isa = XCBuildConfiguration;
			buildSettings = {
				COMBINE_HIDPI_IMAGES = YES;
				CURRENT_PROJECT_VERSION = 1.0.0d1;
				INFOPLIST_FILE = VoodooRMI4Device/Info.plist;
				MODULE_NAME = com.alexandred.VoodooRMI4Device;
				MODULE_VERSION = 1.0.0d1;
				PRODUCT_NAME = "$(TARGET_NAME)";
				WRAPPER_EXTENSION = kext;
			};
			name = Release;
		};
/* End XCBuildConfiguration section */

/* Begin XCConfigurationList section */
		ACE7CC891A38D4460004DB4C /* Build configuration list for PBXProject "VoodooRMI4Device" */ = {
			isa = XCConfigurationList;
			buildConfigurations = (
				ACE7CC981A38D4470004DB4C /* Debug */,
				ACE7CC991A38D4470004DB4C /* Release */,
			);
			defaultConfigurationIsVisible = 0;
			defaultConfigurationName = Release;
		};
		ACE7CC9A1A38D4470004DB4C /* Build configuration list for PBXNativeTarget "VoodooRMI4Device" */ = {
			isa = XCConfigurationList;
			buildConfigurations = (
				ACE7CC9B1A38D4470004DB4C /* Debug */,
				ACE7CC9C1A38D4470004DB4C /* Release */,
			);
			defaultConfigurationIsVisible = 0;
		};
/* End XCConfigurationList section */
	};
	rootObject = ACE7CC861A38D4460004DB4C /* Project object */;
}
